
Microsoft Visual Studio Solution File, Format Version 12.00
# Visual Studio Version 16
VisualStudioVersion = 16.0.31829.152
MinimumVisualStudioVersion = 10.0.40219.1
Project("{FAE04EC0-301F-11D3-BF4B-00C04F79EFBC}") = "AppLifecycleTutorial.Android", "AppLifecycleTutorial.Android\AppLifecycleTutorial.Android.csproj", "{FFF8BCDC-1B67-4CE7-97CE-035D96B2A5A8}"
EndProject
Project("{FAE04EC0-301F-11D3-BF4B-00C04F79EFBC}") = "AppLifecycleTutorial.iOS", "AppLifecycleTutorial.iOS\AppLifecycleTutorial.iOS.csproj", "{6CE9E843-745D-4758-9059-1A56DA062228}"
EndProject
Project("{FAE04EC0-301F-11D3-BF4B-00C04F79EFBC}") = "AppLifecycleTutorial", "AppLifecycleTutorial\AppLifecycleTutorial.csproj", "{5B833C39-3156-416C-B65B-6ADB16DD33F0}"
EndProject
Global
	GlobalSection(SolutionConfigurationPlatforms) = preSolution
		Debug|Any CPU = Debug|Any CPU
		Debug|iPhone = Debug|iPhone
		Debug|iPhoneSimulator = Debug|iPhoneSimulator
		Release|Any CPU = Release|Any CPU
		Release|iPhone = Release|iPhone
		Release|iPhoneSimulator = Release|iPhoneSimulator
	EndGlobalSection
	GlobalSection(ProjectConfigurationPlatforms) = postSolution
		{FFF8BCDC-1B67-4CE7-97CE-035D96B2A5A8}.Debug|Any CPU.ActiveCfg = Debug|Any CPU
		{FFF8BCDC-1B67-4CE7-97CE-035D96B2A5A8}.Debug|Any CPU.Build.0 = Debug|Any CPU
		{FFF8BCDC-1B67-4CE7-97CE-035D96B2A5A8}.Debug|Any CPU.Deploy.0 = Debug|Any CPU
		{FFF8BCDC-1B67-4CE7-97CE-035D96B2A5A8}.Debug|iPhone.ActiveCfg = Debug|Any CPU
		{FFF8BCDC-1B67-4CE7-97CE-035D96B2A5A8}.Debug|iPhone.Build.0 = Debug|Any CPU
		{FFF8BCDC-1B67-4CE7-97CE-035D96B2A5A8}.Debug|iPhone.Deploy.0 = Debug|Any CPU
		{FFF8BCDC-1B67-4CE7-97CE-035D96B2A5A8}.Debug|iPhoneSimulator.ActiveCfg = Debug|Any CPU
		{FFF8BCDC-1B67-4CE7-97CE-035D96B2A5A8}.Debug|iPhoneSimulator.Build.0 = Debug|Any CPU
		{FFF8BCDC-1B67-4CE7-97CE-035D96B2A5A8}.Debug|iPhoneSimulator.Deploy.0 = Debug|Any CPU
		{FFF8BCDC-1B67-4CE7-97CE-035D96B2A5A8}.Release|Any CPU.ActiveCfg = Release|Any CPU
		{FFF8BCDC-1B67-4CE7-97CE-035D96B2A5A8}.Release|Any CPU.Build.0 = Release|Any CPU
		{FFF8BCDC-1B67-4CE7-97CE-035D96B2A5A8}.Release|Any CPU.Deploy.0 = Release|Any CPU
		{FFF8BCDC-1B67-4CE7-97CE-035D96B2A5A8}.Release|iPhone.ActiveCfg = Release|Any CPU
		{FFF8BCDC-1B67-4CE7-97CE-035D96B2A5A8}.Release|iPhone.Build.0 = Release|Any CPU
		{FFF8BCDC-1B67-4CE7-97CE-035D96B2A5A8}.Release|iPhone.Deploy.0 = Release|Any CPU
		{FFF8BCDC-1B67-4CE7-97CE-035D96B2A5A8}.Release|iPhoneSimulator.ActiveCfg = Release|Any CPU
		{FFF8BCDC-1B67-4CE7-97CE-035D96B2A5A8}.Release|iPhoneSimulator.Build.0 = Release|Any CPU
		{FFF8BCDC-1B67-4CE7-97CE-035D96B2A5A8}.Release|iPhoneSimulator.Deploy.0 = Release|Any CPU
		{6CE9E843-745D-4758-9059-1A56DA062228}.Debug|Any CPU.ActiveCfg = Debug|iPhone
		{6CE9E843-745D-4758-9059-1A56DA062228}.Debug|Any CPU.Build.0 = Debug|iPhone
		{6CE9E843-745D-4758-9059-1A56DA062228}.Debug|Any CPU.Deploy.0 = Debug|iPhone
		{6CE9E843-745D-4758-9059-1A56DA062228}.Debug|iPhone.ActiveCfg = Debug|iPhone
		{6CE9E843-745D-4758-9059-1A56DA062228}.Debug|iPhone.Build.0 = Debug|iPhone
		{6CE9E843-745D-4758-9059-1A56DA062228}.Debug|iPhone.Deploy.0 = Debug|iPhone
		{6CE9E843-745D-4758-9059-1A56DA062228}.Debug|iPhoneSimulator.ActiveCfg = Debug|iPhoneSimulator
		{6CE9E843-745D-4758-9059-1A56DA062228}.Debug|iPhoneSimulator.Build.0 = Debug|iPhoneSimulator
		{6CE9E843-745D-4758-9059-1A56DA062228}.Debug|iPhoneSimulator.Deploy.0 = Debug|iPhoneSimulator
		{6CE9E843-745D-4758-9059-1A56DA062228}.Release|Any CPU.ActiveCfg = Release|iPhoneSimulator
		{6CE9E843-745D-4758-9059-1A56DA062228}.Release|Any CPU.Build.0 = Release|iPhoneSimulator
		{6CE9E843-745D-4758-9059-1A56DA062228}.Release|Any CPU.Deploy.0 = Release|iPhoneSimulator
		{6CE9E843-745D-4758-9059-1A56DA062228}.Release|iPhone.ActiveCfg = Release|iPhone
		{6CE9E843-745D-4758-9059-1A56DA062228}.Release|iPhone.Build.0 = Release|iPhone
		{6CE9E843-745D-4758-9059-1A56DA062228}.Release|iPhone.Deploy.0 = Release|iPhone
		{6CE9E843-745D-4758-9059-1A56DA062228}.Release|iPhoneSimulator.ActiveCfg = Release|iPhoneSimulator
		{6CE9E843-745D-4758-9059-1A56DA062228}.Release|iPhoneSimulator.Build.0 = Release|iPhoneSimulator
		{6CE9E843-745D-4758-9059-1A56DA062228}.Release|iPhoneSimulator.Deploy.0 = Release|iPhoneSimulator
		{5B833C39-3156-416C-B65B-6ADB16DD33F0}.Debug|Any CPU.ActiveCfg = Debug|Any CPU
		{5B833C39-3156-416C-B65B-6ADB16DD33F0}.Debug|Any CPU.Build.0 = Debug|Any CPU
		{5B833C39-3156-416C-B65B-6ADB16DD33F0}.Debug|Any CPU.Deploy.0 = Debug|Any CPU
		{5B833C39-3156-416C-B65B-6ADB16DD33F0}.Debug|iPhone.ActiveCfg = Debug|Any CPU
		{5B833C39-3156-416C-B65B-6ADB16DD33F0}.Debug|iPhone.Build.0 = Debug|Any CPU
		{5B833C39-3156-416C-B65B-6ADB16DD33F0}.Debug|iPhone.Deploy.0 = Debug|Any CPU
		{5B833C39-3156-416C-B65B-6ADB16DD33F0}.Debug|iPhoneSimulator.ActiveCfg = Debug|Any CPU
		{5B833C39-3156-416C-B65B-6ADB16DD33F0}.Debug|iPhoneSimulator.Build.0 = Debug|Any CPU
		{5B833C39-3156-416C-B65B-6ADB16DD33F0}.Debug|iPhoneSimulator.Deploy.0 = Debug|Any CPU
		{5B833C39-3156-416C-B65B-6ADB16DD33F0}.Release|Any CPU.ActiveCfg = Release|Any CPU
		{5B833C39-3156-416C-B65B-6ADB16DD33F0}.Release|Any CPU.Build.0 = Release|Any CPU
		{5B833C39-3156-416C-B65B-6ADB16DD33F0}.Release|Any CPU.Deploy.0 = Release|Any CPU
		{5B833C39-3156-416C-B65B-6ADB16DD33F0}.Release|iPhone.ActiveCfg = Release|Any CPU
		{5B833C39-3156-416C-B65B-6ADB16DD33F0}.Release|iPhone.Build.0 = Release|Any CPU
		{5B833C39-3156-416C-B65B-6ADB16DD33F0}.Release|iPhone.Deploy.0 = Release|Any CPU
		{5B833C39-3156-416C-B65B-6ADB16DD33F0}.Release|iPhoneSimulator.ActiveCfg = Release|Any CPU
		{5B833C39-3156-416C-B65B-6ADB16DD33F0}.Release|iPhoneSimulator.Build.0 = Release|Any CPU
		{5B833C39-3156-416C-B65B-6ADB16DD33F0}.Release|iPhoneSimulator.Deploy.0 = Release|Any CPU
	EndGlobalSection
	GlobalSection(SolutionProperties) = preSolution
		HideSolutionNode = FALSE
	EndGlobalSection
	GlobalSection(ExtensibilityGlobals) = postSolution
		SolutionGuid = {006D9370-5F2A-437C-B401-DA4BE950ED9F}
	EndGlobalSection
EndGlobal
